Microsoft Visual Studio Solution File, Format Version 12.00
# Visual Studio Version 17
VisualStudioVersion = 17.13.35806.99 d17.13
MinimumVisualStudioVersion = 10.0.40219.1
Project("{FAE04EC0-301F-11D3-BF4B-00C04F79EFBC}") = "dv21_load", "dv21_load.csproj", "{0E913070-AE93-453F-8FCF-336F9D4C1603}"
EndProject
Global
	GlobalSection(SolutionConfigurationPlatforms) = preSolution
		all|Any CPU = all|Any CPU
		Debug|Any CPU = Debug|Any CPU
		Release|Any CPU = Release|Any CPU
	EndGlobalSection
	GlobalSection(ProjectConfigurationPlatforms) = postSolution
		{0E913070-AE93-453F-8FCF-336F9D4C1603}.all|Any CPU.ActiveCfg = all|Any CPU
		{0E913070-AE93-453F-8FCF-336F9D4C1603}.all|Any CPU.Build.0 = all|Any CPU
		{0E913070-AE93-453F-8FCF-336F9D4C1603}.Debug|Any CPU.ActiveCfg = Debug|Any CPU
		{0E913070-AE93-453F-8FCF-336F9D4C1603}.Debug|Any CPU.Build.0 = Debug|Any CPU
		{0E913070-AE93-453F-8FCF-336F9D4C1603}.Release|Any CPU.ActiveCfg = Release|Any CPU
		{0E913070-AE93-453F-8FCF-336F9D4C1603}.Release|Any CPU.Build.0 = Release|Any CPU
	EndGlobalSection
	GlobalSection(SolutionProperties) = preSolution
		HideSolutionNode = FALSE
	EndGlobalSection
	GlobalSection(ExtensibilityGlobals) = postSolution
		SolutionGuid = {FB859284-92FC-4FB5-9BAB-34A5B8554106}
	EndGlobalSection
EndGlobal
